<?xml version="1.0" encoding="utf-8"?>
<Project ToolsVersion="4.0" xmlns="http://schemas.microsoft.com/developer/msbuild/2003">
  <ItemGroup>
    <Filter Include="Source Files">
      <UniqueIdentifier>{4FC737F1-C7A5-4376-A066-2A32D752A2FF}</UniqueIdentifier>
      <Extensions>cpp;c;cc;cxx;def;odl;idl;hpj;bat;asm;asmx</Extensions>
    </Filter>
    <Filter Include="Header Files">
      <UniqueIdentifier>{93995380-89BD-4b04-88EB-625FBE52EBFB}</UniqueIdentifier>
      <Extensions>h;hh;hpp;hxx;hm;inl;inc;xsd</Extensions>
    </Filter>
  </ItemGroup>
  <ItemGroup>
    <ClCompile Include="Source\Application.cpp">
      <Filter>Source Files</Filter>
    </ClCompile>
    <ClCompile Include="Source\Camera.cpp">
      <Filter>Source Files</Filter>
    </ClCompile>
    <ClCompile Include="Source\GameObject.cpp">
      <Filter>Source Files</Filter>
    </ClCompile>
    <ClCompile Include="Source\LoadOBJ.cpp">
      <Filter>Source Files</Filter>
    </ClCompile>
    <ClCompile Include="Source\LoadTGA.cpp">
      <Filter>Source Files</Filter>
    </ClCompile>
    <ClCompile Include="Source\main.cpp">
      <Filter>Source Files</Filter>
    </ClCompile>
    <ClCompile Include="Source\Mesh.cpp">
      <Filter>Source Files</Filter>
    </ClCompile>
    <ClCompile Include="Source\MeshBuilder.cpp">
      <Filter>Source Files</Filter>
    </ClCompile>
    <ClCompile Include="Source\shader.cpp">
      <Filter>Source Files</Filter>
    </ClCompile>
    <ClCompile Include="Source\Utility.cpp">
      <Filter>Source Files</Filter>
    </ClCompile>
    <ClCompile Include="Source\SceneBase.cpp">
      <Filter>Source Files</Filter>
    </ClCompile>
    <ClCompile Include="Source\LoadTexture.cpp">
      <Filter>Source Files</Filter>
    </ClCompile>
    <ClCompile Include="Source\SceneCollision.cpp">
      <Filter>Source Files</Filter>
    </ClCompile>
    <ClCompile Include="Source\SpriteAnimation.cpp">
      <Filter>Source Files</Filter>
    </ClCompile>
    <ClCompile Include="Source\SceneMenu.cpp">
      <Filter>Source Files</Filter>
    </ClCompile>
    <ClCompile Include="Source\SoundController.cpp">
      <Filter>Source Files</Filter>
    </ClCompile>
    <ClCompile Include="Source\SoundInfo.cpp">
      <Filter>Source Files</Filter>
    </ClCompile>
    <ClCompile Include="Source\Entity.cpp">
      <Filter>Source Files</Filter>
    </ClCompile>
    <ClCompile Include="Source\Player.cpp">
      <Filter>Source Files</Filter>
    </ClCompile>
    <ClCompile Include="Source\Projectile.cpp">
      <Filter>Source Files</Filter>
    </ClCompile>
    <ClCompile Include="Source\Enemy.cpp">
      <Filter>Source Files</Filter>
    </ClCompile>
    <ClCompile Include="Source\Skill.cpp">
      <Filter>Source Files</Filter>
    </ClCompile>
    <ClCompile Include="Source\SceneShop.cpp">
      <Filter>Source Files</Filter>
    </ClCompile>
    <ClCompile Include="Source\HackSkill.cpp">
      <Filter>Source Files</Filter>
    </ClCompile>
    <ClCompile Include="Source\HealSkill.cpp">
      <Filter>Source Files</Filter>
    </ClCompile>
    <ClCompile Include="Source\ImmortalSkill.cpp">
      <Filter>Source Files</Filter>
    </ClCompile>
    <ClCompile Include="Source\OverdriveSkill.cpp">
      <Filter>Source Files</Filter>
    </ClCompile>
    <ClCompile Include="Source\EMPSkill.cpp">
      <Filter>Source Files</Filter>
    </ClCompile>
    <ClCompile Include="Source\SceneOptions.cpp">
      <Filter>Source Files</Filter>
    </ClCompile>
    <ClCompile Include="Source\Weapon.cpp">
      <Filter>Source Files</Filter>
    </ClCompile>
    <ClCompile Include="Source\Melee.cpp">
      <Filter>Source Files</Filter>
    </ClCompile>
    <ClCompile Include="Source\Ranged.cpp">
      <Filter>Source Files</Filter>
    </ClCompile>
    <ClCompile Include="Source\Fist.cpp">
      <Filter>Source Files</Filter>
    </ClCompile>
    <ClCompile Include="Source\Sword.cpp">
      <Filter>Source Files</Filter>
    </ClCompile>
    <ClCompile Include="Source\GameManger.cpp">
      <Filter>Source Files</Filter>
    </ClCompile>
    <ClCompile Include="Source\Swordsman.cpp">
      <Filter>Source Files</Filter>
    </ClCompile>
    <ClCompile Include="Source\StrengthPotion.cpp">
      <Filter>Source Files</Filter>
    </ClCompile>
    <ClCompile Include="Source\Potions.cpp">
      <Filter>Source Files</Filter>
    </ClCompile>
    <ClCompile Include="Source\HealthPotion.cpp">
      <Filter>Source Files</Filter>
    </ClCompile>
    <ClCompile Include="Source\SpeedPotion.cpp">
      <Filter>Source Files</Filter>
    </ClCompile>
    <ClCompile Include="Source\Flamethrower.cpp">
      <Filter>Source Files</Filter>
    </ClCompile>
    <ClCompile Include="Source\Rifle.cpp">
      <Filter>Source Files</Filter>
    </ClCompile>
    <ClCompile Include="Source\Crossbow.cpp">
      <Filter>Source Files</Filter>
    </ClCompile>
    <ClCompile Include="Source\BoxingGloves.cpp">
      <Filter>Source Files</Filter>
    </ClCompile>
    <ClCompile Include="Source\RubberChicken.cpp">
      <Filter>Source Files</Filter>
    </ClCompile>
    <ClCompile Include="Source\FryingPan.cpp">
      <Filter>Source Files</Filter>
    </ClCompile>
    <ClCompile Include="Source\MeleeDmgUpgrade.cpp">
      <Filter>Source Files</Filter>
    </ClCompile>
    <ClCompile Include="Source\MovementSpeedUpgrade.cpp">
      <Filter>Source Files</Filter>
    </ClCompile>
    <ClCompile Include="Source\RangedDmgUpgrade.cpp">
      <Filter>Source Files</Filter>
    </ClCompile>
    <ClCompile Include="Source\SelfUpgrades.cpp">
      <Filter>Source Files</Filter>
    </ClCompile>
<<<<<<< HEAD
    <ClCompile Include="Source\HealthUpgrade.cpp">
      <Filter>Source Files</Filter>
    </ClCompile>
    <ClCompile Include="Source\ExplosiveBulletsMod.cpp">
      <Filter>Source Files</Filter>
    </ClCompile>
    <ClCompile Include="Source\FasterBulletSpeedMod.cpp">
      <Filter>Source Files</Filter>
    </ClCompile>
    <ClCompile Include="Source\FasterFiringRateMod.cpp">
      <Filter>Source Files</Filter>
    </ClCompile>
=======
>>>>>>> 60ecd5b2d009f9764cca326e2ad968b7602950bf
    <ClCompile Include="Source\PiercingBulletMod.cpp">
      <Filter>Source Files</Filter>
    </ClCompile>
    <ClCompile Include="Source\WeaponModifiers.cpp">
      <Filter>Source Files</Filter>
    </ClCompile>
<<<<<<< HEAD
    <ClCompile Include="Source\AccurateArrowsMod.cpp">
      <Filter>Source Files</Filter>
    </ClCompile>
    <ClCompile Include="Source\BetterFuelMod.cpp">
      <Filter>Source Files</Filter>
    </ClCompile>
    <ClCompile Include="Source\FasterMeleeMod.cpp">
=======
    <ClCompile Include="Source\RiflerEnemy.cpp">
>>>>>>> 60ecd5b2d009f9764cca326e2ad968b7602950bf
      <Filter>Source Files</Filter>
    </ClCompile>
  </ItemGroup>
  <ItemGroup>
    <ClInclude Include="Source\Application.h">
      <Filter>Header Files</Filter>
    </ClInclude>
    <ClInclude Include="Source\Camera.h">
      <Filter>Header Files</Filter>
    </ClInclude>
    <ClInclude Include="Source\GameObject.h">
      <Filter>Header Files</Filter>
    </ClInclude>
    <ClInclude Include="Source\Light.h">
      <Filter>Header Files</Filter>
    </ClInclude>
    <ClInclude Include="Source\LoadOBJ.h">
      <Filter>Header Files</Filter>
    </ClInclude>
    <ClInclude Include="Source\LoadTGA.h">
      <Filter>Header Files</Filter>
    </ClInclude>
    <ClInclude Include="Source\Material.h">
      <Filter>Header Files</Filter>
    </ClInclude>
    <ClInclude Include="Source\Mesh.h">
      <Filter>Header Files</Filter>
    </ClInclude>
    <ClInclude Include="Source\MeshBuilder.h">
      <Filter>Header Files</Filter>
    </ClInclude>
    <ClInclude Include="Source\Scene.h">
      <Filter>Header Files</Filter>
    </ClInclude>
    <ClInclude Include="Source\shader.hpp">
      <Filter>Header Files</Filter>
    </ClInclude>
    <ClInclude Include="Source\Utility.h">
      <Filter>Header Files</Filter>
    </ClInclude>
    <ClInclude Include="Source\Vertex.h">
      <Filter>Header Files</Filter>
    </ClInclude>
    <ClInclude Include="Source\SceneBase.h">
      <Filter>Header Files</Filter>
    </ClInclude>
    <ClInclude Include="Source\LoadTexture.h">
      <Filter>Header Files</Filter>
    </ClInclude>
    <ClInclude Include="Source\SceneCollision.h">
      <Filter>Header Files</Filter>
    </ClInclude>
    <ClInclude Include="Source\SpriteAnimation.h">
      <Filter>Header Files</Filter>
    </ClInclude>
    <ClInclude Include="Source\SceneMenu.h">
      <Filter>Header Files</Filter>
    </ClInclude>
    <ClInclude Include="Source\SoundController.h">
      <Filter>Header Files</Filter>
    </ClInclude>
    <ClInclude Include="Source\SoundInfo.h">
      <Filter>Header Files</Filter>
    </ClInclude>
    <ClInclude Include="Source\Player.h">
      <Filter>Header Files</Filter>
    </ClInclude>
    <ClInclude Include="Source\Entity.h">
      <Filter>Header Files</Filter>
    </ClInclude>
    <ClInclude Include="Source\Projectile.h">
      <Filter>Header Files</Filter>
    </ClInclude>
    <ClInclude Include="Source\Enemy.h">
      <Filter>Header Files</Filter>
    </ClInclude>
    <ClInclude Include="Source\Skill.h">
      <Filter>Header Files</Filter>
    </ClInclude>
    <ClInclude Include="Source\SceneShop.h">
      <Filter>Header Files</Filter>
    </ClInclude>
    <ClInclude Include="Source\HackSkill.h">
      <Filter>Header Files</Filter>
    </ClInclude>
    <ClInclude Include="Source\HealSkill.h">
      <Filter>Header Files</Filter>
    </ClInclude>
    <ClInclude Include="Source\ImmortalSkill.h">
      <Filter>Header Files</Filter>
    </ClInclude>
    <ClInclude Include="Source\OverdriveSkill.h">
      <Filter>Header Files</Filter>
    </ClInclude>
    <ClInclude Include="Source\SceneOptions.h">
      <Filter>Header Files</Filter>
    </ClInclude>
    <ClInclude Include="Source\EMPSkill.h">
      <Filter>Header Files</Filter>
    </ClInclude>
    <ClInclude Include="Source\Weapon.h">
      <Filter>Header Files</Filter>
    </ClInclude>
    <ClInclude Include="Source\Melee.h">
      <Filter>Header Files</Filter>
    </ClInclude>
    <ClInclude Include="Source\Ranged.h">
      <Filter>Header Files</Filter>
    </ClInclude>
    <ClInclude Include="Source\Fist.h">
      <Filter>Header Files</Filter>
    </ClInclude>
    <ClInclude Include="Source\Sword.h">
      <Filter>Header Files</Filter>
    </ClInclude>
    <ClInclude Include="Source\GameManger.h">
      <Filter>Header Files</Filter>
    </ClInclude>
    <ClInclude Include="Source\Swordsman.h">
      <Filter>Header Files</Filter>
    </ClInclude>
    <ClInclude Include="Source\StrengthPotion.h">
      <Filter>Header Files</Filter>
    </ClInclude>
    <ClInclude Include="Source\Potions.h">
      <Filter>Header Files</Filter>
    </ClInclude>
    <ClInclude Include="Source\SpeedPotion.h">
      <Filter>Header Files</Filter>
    </ClInclude>
    <ClInclude Include="Source\HealthPotion.h">
      <Filter>Header Files</Filter>
    </ClInclude>
    <ClInclude Include="Source\Flamethrower.h">
      <Filter>Header Files</Filter>
    </ClInclude>
    <ClInclude Include="Source\Rifle.h">
      <Filter>Header Files</Filter>
    </ClInclude>
    <ClInclude Include="Source\Crossbow.h">
      <Filter>Header Files</Filter>
    </ClInclude>
    <ClInclude Include="Source\BoxingGloves.h">
      <Filter>Header Files</Filter>
    </ClInclude>
    <ClInclude Include="Source\RubberChicken.h">
      <Filter>Header Files</Filter>
    </ClInclude>
    <ClInclude Include="Source\FryingPan.h">
      <Filter>Header Files</Filter>
    </ClInclude>
    <ClInclude Include="Source\HealthUpgrade.h">
      <Filter>Header Files</Filter>
    </ClInclude>
    <ClInclude Include="Source\RangedDmgUpgrade.h">
      <Filter>Header Files</Filter>
    </ClInclude>
    <ClInclude Include="Source\MovementSpeedUpgrade.h">
      <Filter>Header Files</Filter>
    </ClInclude>
    <ClInclude Include="Source\MeleeDmgUpgrade.h">
      <Filter>Header Files</Filter>
    </ClInclude>
    <ClInclude Include="Source\SelfUpgrades.h">
      <Filter>Header Files</Filter>
    </ClInclude>
    <ClInclude Include="Source\PiercingBulletMod.h">
      <Filter>Header Files</Filter>
    </ClInclude>
    <ClInclude Include="Source\WeaponModifiers.h">
      <Filter>Header Files</Filter>
    </ClInclude>
<<<<<<< HEAD
    <ClInclude Include="Source\AccurateArrowsMod.h">
      <Filter>Header Files</Filter>
    </ClInclude>
    <ClInclude Include="Source\BetterFuelMod.h">
      <Filter>Header Files</Filter>
    </ClInclude>
    <ClInclude Include="Source\ExplosiveBulletsMod.h">
      <Filter>Header Files</Filter>
    </ClInclude>
    <ClInclude Include="Source\FasterBulletSpeedMod.h">
      <Filter>Header Files</Filter>
    </ClInclude>
    <ClInclude Include="Source\FasterFiringRateMod.h">
      <Filter>Header Files</Filter>
    </ClInclude>
    <ClInclude Include="Source\FasterMeleeMod.h">
=======
    <ClInclude Include="Source\RiflerEnemy.h">
>>>>>>> 60ecd5b2d009f9764cca326e2ad968b7602950bf
      <Filter>Header Files</Filter>
    </ClInclude>
  </ItemGroup>
</Project>